
Microsoft Visual Studio Solution File, Format Version 12.00
# Visual Studio Version 17
VisualStudioVersion = 17.9.34616.47
MinimumVisualStudioVersion = 10.0.40219.1
Project("{FAE04EC0-301F-11D3-BF4B-00C04F79EFBC}") = "CrossImageToBase64", "CrossImageToBase64\CrossImageToBase64.csproj", "{236ED80D-41D3-4ACF-A46B-7825CEAAFF6F}"
EndProject
Project("{FAE04EC0-301F-11D3-BF4B-00C04F79EFBC}") = "CrossRawToDng", "CrossRawToDng\CrossRawToDng.csproj", "{BEBDC792-CA75-4C60-93D5-8034607FC24C}"
EndProject
Project("{FAE04EC0-301F-11D3-BF4B-00C04F79EFBC}") = "CrossUSB", "CrossUSB\CrossUSB.csproj", "{240B3FB6-C596-48B1-925C-6C4E4D4795F4}"
EndProject
Project("{FAE04EC0-301F-11D3-BF4B-00C04F79EFBC}") = "DemoEnum", "DemoEnum\DemoEnum.csproj", "{1C92B3C4-C658-4AC8-8792-26B81202E946}"
EndProject
Project("{FAE04EC0-301F-11D3-BF4B-00C04F79EFBC}") = "DemoThread", "DemoThread\DemoThread.csproj", "{76BE147D-FA35-453A-8DB9-FFFA97F3E1AA}"
EndProject
Project("{FAE04EC0-301F-11D3-BF4B-00C04F79EFBC}") = "WinBitmap", "WinBitmap\WinBitmap.csproj", "{FF232918-4EF8-4535-A5B9-E220476F6738}"
EndProject
Project("{FAE04EC0-301F-11D3-BF4B-00C04F79EFBC}") = "WinFolderBrowserDialog", "WinFolderBrowserDialog\WinFolderBrowserDialog.csproj", "{DB7F371C-A9D0-4ADE-B646-9B628835EA6B}"
EndProject
Project("{FAE04EC0-301F-11D3-BF4B-00C04F79EFBC}") = "WinLogHelper", "WinLogHelper\WinLogHelper.csproj", "{09B13319-E981-4F6B-8C72-A214DA92B510}"
EndProject
Project("{FAE04EC0-301F-11D3-BF4B-00C04F79EFBC}") = "WinProgressBar", "WinProgressBar\WinProgressBar.csproj", "{E9F8DEBA-1083-422D-B12F-0A44DD5FF184}"
EndProject
Project("{FAE04EC0-301F-11D3-BF4B-00C04F79EFBC}") = "WinUSB", "WinUSB\WinUSB.csproj", "{A9F5AD79-B103-41BE-A093-AA46A1BDA82D}"
EndProject
Project("{FAE04EC0-301F-11D3-BF4B-00C04F79EFBC}") = "DemoWPF", "DemoWPF\DemoWPF.csproj", "{07AA1E28-FC2F-4235-BA7A-3A960155285A}"
EndProject
Global
	GlobalSection(SolutionProperties) = preSolution
		HideSolutionNode = FALSE
	EndGlobalSection
	GlobalSection(ExtensibilityGlobals) = postSolution
		SolutionGuid = {882BAC82-EAC1-4C39-9141-BD91B70FDC26}
	EndGlobalSection
	GlobalSection(SolutionConfigurationPlatforms) = preSolution
		Debug|Any CPU = Debug|Any CPU
		Debug|x64 = Debug|x64
		Debug|x86 = Debug|x86
		Release|Any CPU = Release|Any CPU
		Release|x64 = Release|x64
		Release|x86 = Release|x86
	EndGlobalSection
	GlobalSection(ProjectConfigurationPlatforms) = postSolution
		{236ED80D-41D3-4ACF-A46B-7825CEAAFF6F}.Debug|Any CPU.ActiveCfg = Debug|Any CPU
		{236ED80D-41D3-4ACF-A46B-7825CEAAFF6F}.Debug|Any CPU.Build.0 = Debug|Any CPU
		{236ED80D-41D3-4ACF-A46B-7825CEAAFF6F}.Debug|x64.ActiveCfg = Debug|Any CPU
		{236ED80D-41D3-4ACF-A46B-7825CEAAFF6F}.Debug|x64.Build.0 = Debug|Any CPU
		{236ED80D-41D3-4ACF-A46B-7825CEAAFF6F}.Debug|x86.ActiveCfg = Debug|Any CPU
		{236ED80D-41D3-4ACF-A46B-7825CEAAFF6F}.Debug|x86.Build.0 = Debug|Any CPU
		{236ED80D-41D3-4ACF-A46B-7825CEAAFF6F}.Release|Any CPU.ActiveCfg = Release|Any CPU
		{236ED80D-41D3-4ACF-A46B-7825CEAAFF6F}.Release|Any CPU.Build.0 = Release|Any CPU
		{236ED80D-41D3-4ACF-A46B-7825CEAAFF6F}.Release|x64.ActiveCfg = Release|Any CPU
		{236ED80D-41D3-4ACF-A46B-7825CEAAFF6F}.Release|x64.Build.0 = Release|Any CPU
		{236ED80D-41D3-4ACF-A46B-7825CEAAFF6F}.Release|x86.ActiveCfg = Release|Any CPU
		{236ED80D-41D3-4ACF-A46B-7825CEAAFF6F}.Release|x86.Build.0 = Release|Any CPU
		{BEBDC792-CA75-4C60-93D5-8034607FC24C}.Debug|Any CPU.ActiveCfg = Debug|Any CPU
		{BEBDC792-CA75-4C60-93D5-8034607FC24C}.Debug|Any CPU.Build.0 = Debug|Any CPU
		{BEBDC792-CA75-4C60-93D5-8034607FC24C}.Debug|x64.ActiveCfg = Debug|Any CPU
		{BEBDC792-CA75-4C60-93D5-8034607FC24C}.Debug|x64.Build.0 = Debug|Any CPU
		{BEBDC792-CA75-4C60-93D5-8034607FC24C}.Debug|x86.ActiveCfg = Debug|Any CPU
		{BEBDC792-CA75-4C60-93D5-8034607FC24C}.Debug|x86.Build.0 = Debug|Any CPU
		{BEBDC792-CA75-4C60-93D5-8034607FC24C}.Release|Any CPU.ActiveCfg = Release|Any CPU
		{BEBDC792-CA75-4C60-93D5-8034607FC24C}.Release|Any CPU.Build.0 = Release|Any CPU
		{BEBDC792-CA75-4C60-93D5-8034607FC24C}.Release|x64.ActiveCfg = Release|Any CPU
		{BEBDC792-CA75-4C60-93D5-8034607FC24C}.Release|x64.Build.0 = Release|Any CPU
		{BEBDC792-CA75-4C60-93D5-8034607FC24C}.Release|x86.ActiveCfg = Release|Any CPU
		{BEBDC792-CA75-4C60-93D5-8034607FC24C}.Release|x86.Build.0 = Release|Any CPU
		{240B3FB6-C596-48B1-925C-6C4E4D4795F4}.Debug|Any CPU.ActiveCfg = Debug|Any CPU
		{240B3FB6-C596-48B1-925C-6C4E4D4795F4}.Debug|Any CPU.Build.0 = Debug|Any CPU
		{240B3FB6-C596-48B1-925C-6C4E4D4795F4}.Debug|x64.ActiveCfg = Debug|Any CPU
		{240B3FB6-C596-48B1-925C-6C4E4D4795F4}.Debug|x64.Build.0 = Debug|Any CPU
		{240B3FB6-C596-48B1-925C-6C4E4D4795F4}.Debug|x86.ActiveCfg = Debug|Any CPU
		{240B3FB6-C596-48B1-925C-6C4E4D4795F4}.Debug|x86.Build.0 = Debug|Any CPU
		{240B3FB6-C596-48B1-925C-6C4E4D4795F4}.Release|Any CPU.ActiveCfg = Release|Any CPU
		{240B3FB6-C596-48B1-925C-6C4E4D4795F4}.Release|Any CPU.Build.0 = Release|Any CPU
		{240B3FB6-C596-48B1-925C-6C4E4D4795F4}.Release|x64.ActiveCfg = Release|Any CPU
		{240B3FB6-C596-48B1-925C-6C4E4D4795F4}.Release|x64.Build.0 = Release|Any CPU
		{240B3FB6-C596-48B1-925C-6C4E4D4795F4}.Release|x86.ActiveCfg = Release|Any CPU
		{240B3FB6-C596-48B1-925C-6C4E4D4795F4}.Release|x86.Build.0 = Release|Any CPU
		{1C92B3C4-C658-4AC8-8792-26B81202E946}.Debug|Any CPU.ActiveCfg = Debug|Any CPU
		{1C92B3C4-C658-4AC8-8792-26B81202E946}.Debug|Any CPU.Build.0 = Debug|Any CPU
		{1C92B3C4-C658-4AC8-8792-26B81202E946}.Debug|x64.ActiveCfg = Debug|Any CPU
		{1C92B3C4-C658-4AC8-8792-26B81202E946}.Debug|x64.Build.0 = Debug|Any CPU
		{1C92B3C4-C658-4AC8-8792-26B81202E946}.Debug|x86.ActiveCfg = Debug|Any CPU
		{1C92B3C4-C658-4AC8-8792-26B81202E946}.Debug|x86.Build.0 = Debug|Any CPU
		{1C92B3C4-C658-4AC8-8792-26B81202E946}.Release|Any CPU.ActiveCfg = Release|Any CPU
		{1C92B3C4-C658-4AC8-8792-26B81202E946}.Release|Any CPU.Build.0 = Release|Any CPU
		{1C92B3C4-C658-4AC8-8792-26B81202E946}.Release|x64.ActiveCfg = Release|Any CPU
		{1C92B3C4-C658-4AC8-8792-26B81202E946}.Release|x64.Build.0 = Release|Any CPU
		{1C92B3C4-C658-4AC8-8792-26B81202E946}.Release|x86.ActiveCfg = Release|Any CPU
		{1C92B3C4-C658-4AC8-8792-26B81202E946}.Release|x86.Build.0 = Release|Any CPU
		{76BE147D-FA35-453A-8DB9-FFFA97F3E1AA}.Debug|Any CPU.ActiveCfg = Debug|Any CPU
		{76BE147D-FA35-453A-8DB9-FFFA97F3E1AA}.Debug|Any CPU.Build.0 = Debug|Any CPU
		{76BE147D-FA35-453A-8DB9-FFFA97F3E1AA}.Debug|x64.ActiveCfg = Debug|Any CPU
		{76BE147D-FA35-453A-8DB9-FFFA97F3E1AA}.Debug|x64.Build.0 = Debug|Any CPU
		{76BE147D-FA35-453A-8DB9-FFFA97F3E1AA}.Debug|x86.ActiveCfg = Debug|Any CPU
		{76BE147D-FA35-453A-8DB9-FFFA97F3E1AA}.Debug|x86.Build.0 = Debug|Any CPU
		{76BE147D-FA35-453A-8DB9-FFFA97F3E1AA}.Release|Any CPU.ActiveCfg = Release|Any CPU
		{76BE147D-FA35-453A-8DB9-FFFA97F3E1AA}.Release|Any CPU.Build.0 = Release|Any CPU
		{76BE147D-FA35-453A-8DB9-FFFA97F3E1AA}.Release|x64.ActiveCfg = Release|Any CPU
		{76BE147D-FA35-453A-8DB9-FFFA97F3E1AA}.Release|x64.Build.0 = Release|Any CPU
		{76BE147D-FA35-453A-8DB9-FFFA97F3E1AA}.Release|x86.ActiveCfg = Release|Any CPU
		{76BE147D-FA35-453A-8DB9-FFFA97F3E1AA}.Release|x86.Build.0 = Release|Any CPU
		{FF232918-4EF8-4535-A5B9-E220476F6738}.Debug|Any CPU.ActiveCfg = Debug|Any CPU
		{FF232918-4EF8-4535-A5B9-E220476F6738}.Debug|Any CPU.Build.0 = Debug|Any CPU
		{FF232918-4EF8-4535-A5B9-E220476F6738}.Debug|x64.ActiveCfg = Debug|Any CPU
		{FF232918-4EF8-4535-A5B9-E220476F6738}.Debug|x64.Build.0 = Debug|Any CPU
		{FF232918-4EF8-4535-A5B9-E220476F6738}.Debug|x86.ActiveCfg = Debug|Any CPU
		{FF232918-4EF8-4535-A5B9-E220476F6738}.Debug|x86.Build.0 = Debug|Any CPU
		{FF232918-4EF8-4535-A5B9-E220476F6738}.Release|Any CPU.ActiveCfg = Release|Any CPU
		{FF232918-4EF8-4535-A5B9-E220476F6738}.Release|Any CPU.Build.0 = Release|Any CPU
		{FF232918-4EF8-4535-A5B9-E220476F6738}.Release|x64.ActiveCfg = Release|Any CPU
		{FF232918-4EF8-4535-A5B9-E220476F6738}.Release|x64.Build.0 = Release|Any CPU
		{FF232918-4EF8-4535-A5B9-E220476F6738}.Release|x86.ActiveCfg = Release|Any CPU
		{FF232918-4EF8-4535-A5B9-E220476F6738}.Release|x86.Build.0 = Release|Any CPU
		{DB7F371C-A9D0-4ADE-B646-9B628835EA6B}.Debug|Any CPU.ActiveCfg = Debug|Any CPU
		{DB7F371C-A9D0-4ADE-B646-9B628835EA6B}.Debug|Any CPU.Build.0 = Debug|Any CPU
		{DB7F371C-A9D0-4ADE-B646-9B628835EA6B}.Debug|x64.ActiveCfg = Debug|Any CPU
		{DB7F371C-A9D0-4ADE-B646-9B628835EA6B}.Debug|x64.Build.0 = Debug|Any CPU
		{DB7F371C-A9D0-4ADE-B646-9B628835EA6B}.Debug|x86.ActiveCfg = Debug|Any CPU
		{DB7F371C-A9D0-4ADE-B646-9B628835EA6B}.Debug|x86.Build.0 = Debug|Any CPU
		{DB7F371C-A9D0-4ADE-B646-9B628835EA6B}.Release|Any CPU.ActiveCfg = Release|Any CPU
		{DB7F371C-A9D0-4ADE-B646-9B628835EA6B}.Release|Any CPU.Build.0 = Release|Any CPU
		{DB7F371C-A9D0-4ADE-B646-9B628835EA6B}.Release|x64.ActiveCfg = Release|Any CPU
		{DB7F371C-A9D0-4ADE-B646-9B628835EA6B}.Release|x64.Build.0 = Release|Any CPU
		{DB7F371C-A9D0-4ADE-B646-9B628835EA6B}.Release|x86.ActiveCfg = Release|Any CPU
		{DB7F371C-A9D0-4ADE-B646-9B628835EA6B}.Release|x86.Build.0 = Release|Any CPU
		{09B13319-E981-4F6B-8C72-A214DA92B510}.Debug|Any CPU.ActiveCfg = Debug|Any CPU
		{09B13319-E981-4F6B-8C72-A214DA92B510}.Debug|Any CPU.Build.0 = Debug|Any CPU
		{09B13319-E981-4F6B-8C72-A214DA92B510}.Debug|x64.ActiveCfg = Debug|Any CPU
		{09B13319-E981-4F6B-8C72-A214DA92B510}.Debug|x64.Build.0 = Debug|Any CPU
		{09B13319-E981-4F6B-8C72-A214DA92B510}.Debug|x86.ActiveCfg = Debug|Any CPU
		{09B13319-E981-4F6B-8C72-A214DA92B510}.Debug|x86.Build.0 = Debug|Any CPU
		{09B13319-E981-4F6B-8C72-A214DA92B510}.Release|Any CPU.ActiveCfg = Release|Any CPU
		{09B13319-E981-4F6B-8C72-A214DA92B510}.Release|Any CPU.Build.0 = Release|Any CPU
		{09B13319-E981-4F6B-8C72-A214DA92B510}.Release|x64.ActiveCfg = Release|Any CPU
		{09B13319-E981-4F6B-8C72-A214DA92B510}.Release|x64.Build.0 = Release|Any CPU
		{09B13319-E981-4F6B-8C72-A214DA92B510}.Release|x86.ActiveCfg = Release|Any CPU
		{09B13319-E981-4F6B-8C72-A214DA92B510}.Release|x86.Build.0 = Release|Any CPU
		{E9F8DEBA-1083-422D-B12F-0A44DD5FF184}.Debug|Any CPU.ActiveCfg = Debug|Any CPU
		{E9F8DEBA-1083-422D-B12F-0A44DD5FF184}.Debug|Any CPU.Build.0 = Debug|Any CPU
		{E9F8DEBA-1083-422D-B12F-0A44DD5FF184}.Debug|x64.ActiveCfg = Debug|Any CPU
		{E9F8DEBA-1083-422D-B12F-0A44DD5FF184}.Debug|x64.Build.0 = Debug|Any CPU
		{E9F8DEBA-1083-422D-B12F-0A44DD5FF184}.Debug|x86.ActiveCfg = Debug|Any CPU
		{E9F8DEBA-1083-422D-B12F-0A44DD5FF184}.Debug|x86.Build.0 = Debug|Any CPU
		{E9F8DEBA-1083-422D-B12F-0A44DD5FF184}.Release|Any CPU.ActiveCfg = Release|Any CPU
		{E9F8DEBA-1083-422D-B12F-0A44DD5FF184}.Release|Any CPU.Build.0 = Release|Any CPU
		{E9F8DEBA-1083-422D-B12F-0A44DD5FF184}.Release|x64.ActiveCfg = Release|Any CPU
		{E9F8DEBA-1083-422D-B12F-0A44DD5FF184}.Release|x64.Build.0 = Release|Any CPU
		{E9F8DEBA-1083-422D-B12F-0A44DD5FF184}.Release|x86.ActiveCfg = Release|Any CPU
		{E9F8DEBA-1083-422D-B12F-0A44DD5FF184}.Release|x86.Build.0 = Release|Any CPU
		{A9F5AD79-B103-41BE-A093-AA46A1BDA82D}.Debug|Any CPU.ActiveCfg = Debug|Any CPU
		{A9F5AD79-B103-41BE-A093-AA46A1BDA82D}.Debug|Any CPU.Build.0 = Debug|Any CPU
		{A9F5AD79-B103-41BE-A093-AA46A1BDA82D}.Debug|x64.ActiveCfg = Debug|Any CPU
		{A9F5AD79-B103-41BE-A093-AA46A1BDA82D}.Debug|x64.Build.0 = Debug|Any CPU
		{A9F5AD79-B103-41BE-A093-AA46A1BDA82D}.Debug|x86.ActiveCfg = Debug|Any CPU
		{A9F5AD79-B103-41BE-A093-AA46A1BDA82D}.Debug|x86.Build.0 = Debug|Any CPU
		{A9F5AD79-B103-41BE-A093-AA46A1BDA82D}.Release|Any CPU.ActiveCfg = Release|Any CPU
		{A9F5AD79-B103-41BE-A093-AA46A1BDA82D}.Release|Any CPU.Build.0 = Release|Any CPU
		{A9F5AD79-B103-41BE-A093-AA46A1BDA82D}.Release|x64.ActiveCfg = Release|Any CPU
		{A9F5AD79-B103-41BE-A093-AA46A1BDA82D}.Release|x64.Build.0 = Release|Any CPU
		{A9F5AD79-B103-41BE-A093-AA46A1BDA82D}.Release|x86.ActiveCfg = Release|Any CPU
		{A9F5AD79-B103-41BE-A093-AA46A1BDA82D}.Release|x86.Build.0 = Release|Any CPU
		{07AA1E28-FC2F-4235-BA7A-3A960155285A}.Debug|Any CPU.ActiveCfg = Debug|Any CPU
		{07AA1E28-FC2F-4235-BA7A-3A960155285A}.Debug|Any CPU.Build.0 = Debug|Any CPU
		{07AA1E28-FC2F-4235-BA7A-3A960155285A}.Debug|x64.ActiveCfg = Debug|Any CPU
		{07AA1E28-FC2F-4235-BA7A-3A960155285A}.Debug|x64.Build.0 = Debug|Any CPU
		{07AA1E28-FC2F-4235-BA7A-3A960155285A}.Debug|x86.ActiveCfg = Debug|Any CPU
		{07AA1E28-FC2F-4235-BA7A-3A960155285A}.Debug|x86.Build.0 = Debug|Any CPU
		{07AA1E28-FC2F-4235-BA7A-3A960155285A}.Release|Any CPU.ActiveCfg = Release|Any CPU
		{07AA1E28-FC2F-4235-BA7A-3A960155285A}.Release|Any CPU.Build.0 = Release|Any CPU
		{07AA1E28-FC2F-4235-BA7A-3A960155285A}.Release|x64.ActiveCfg = Release|Any CPU
		{07AA1E28-FC2F-4235-BA7A-3A960155285A}.Release|x64.Build.0 = Release|Any CPU
		{07AA1E28-FC2F-4235-BA7A-3A960155285A}.Release|x86.ActiveCfg = Release|Any CPU
		{07AA1E28-FC2F-4235-BA7A-3A960155285A}.Release|x86.Build.0 = Release|Any CPU
	EndGlobalSection
EndGlobal
